// !$*UTF8*$!
{
	archiveVersion = 1;
	classes = {
	};
	objectVersion = 50;
	objects = {

/* Begin PBXBuildFile section */
		6A74D6FA2630501B00515A33 /* PhoneNumberEmailViewController.swift in Sources */ = {isa = PBXBuildFile; fileRef = 6A74D6F92630501B00515A33 /* PhoneNumberEmailViewController.swift */; };
		6A74D6FD26307A3000515A33 /* GeneraleInfoViewController.swift in Sources */ = {isa = PBXBuildFile; fileRef = 6A74D6FC26307A3000515A33 /* GeneraleInfoViewController.swift */; };
		6A8463BC262E26D2005C87BA /* AppDelegate.swift in Sources */ = {isa = PBXBuildFile; fileRef = 6A8463BB262E26D2005C87BA /* AppDelegate.swift */; };
		6A8463BE262E26D2005C87BA /* SceneDelegate.swift in Sources */ = {isa = PBXBuildFile; fileRef = 6A8463BD262E26D2005C87BA /* SceneDelegate.swift */; };
		6A8463C3262E26D2005C87BA /* Main.storyboard in Resources */ = {isa = PBXBuildFile; fileRef = 6A8463C1262E26D2005C87BA /* Main.storyboard */; };
		6A8463C5262E26D3005C87BA /* Assets.xcassets in Resources */ = {isa = PBXBuildFile; fileRef = 6A8463C4262E26D3005C87BA /* Assets.xcassets */; };
		6A8463C8262E26D3005C87BA /* LaunchScreen.storyboard in Resources */ = {isa = PBXBuildFile; fileRef = 6A8463C6262E26D3005C87BA /* LaunchScreen.storyboard */; };
		6A8463D7262E298C005C87BA /* PersonsTableViewController.swift in Sources */ = {isa = PBXBuildFile; fileRef = 6A8463D6262E298C005C87BA /* PersonsTableViewController.swift */; };
		6A8463DA262E2BE1005C87BA /* PersonName.swift in Sources */ = {isa = PBXBuildFile; fileRef = 6A8463D9262E2BE1005C87BA /* PersonName.swift */; };
/* End PBXBuildFile section */

/* Begin PBXFileReference section */
		6A74D6F92630501B00515A33 /* PhoneNumberEmailViewController.swift */ = {isa = PBXFileReference; lastKnownFileType = sourcecode.swift; path = PhoneNumberEmailViewController.swift; sourceTree = "<group>"; };
		6A74D6FC26307A3000515A33 /* GeneraleInfoViewController.swift */ = {isa = PBXFileReference; lastKnownFileType = sourcecode.swift; path = GeneraleInfoViewController.swift; sourceTree = "<group>"; };
		6A8463B8262E26D2005C87BA /* PersonsListApp.app */ = {isa = PBXFileReference; explicitFileType = wrapper.application; includeInIndex = 0; path = PersonsListApp.app; sourceTree = BUILT_PRODUCTS_DIR; };
		6A8463BB262E26D2005C87BA /* AppDelegate.swift */ = {isa = PBXFileReference; lastKnownFileType = sourcecode.swift; path = AppDelegate.swift; sourceTree = "<group>"; };
		6A8463BD262E26D2005C87BA /* SceneDelegate.swift */ = {isa = PBXFileReference; lastKnownFileType = sourcecode.swift; path = SceneDelegate.swift; sourceTree = "<group>"; };
		6A8463C2262E26D2005C87BA /* Base */ = {isa = PBXFileReference; lastKnownFileType = file.storyboard; name = Base; path = Base.lproj/Main.storyboard; sourceTree = "<group>"; };
		6A8463C4262E26D3005C87BA /* Assets.xcassets */ = {isa = PBXFileReference; lastKnownFileType = folder.assetcatalog; path = Assets.xcassets; sourceTree = "<group>"; };
		6A8463C7262E26D3005C87BA /* Base */ = {isa = PBXFileReference; lastKnownFileType = file.storyboard; name = Base; path = Base.lproj/LaunchScreen.storyboard; sourceTree = "<group>"; };
		6A8463C9262E26D3005C87BA /* Info.plist */ = {isa = PBXFileReference; lastKnownFileType = text.plist.xml; path = Info.plist; sourceTree = "<group>"; };
		6A8463D6262E298C005C87BA /* PersonsTableViewController.swift */ = {isa = PBXFileReference; lastKnownFileType = sourcecode.swift; path = PersonsTableViewController.swift; sourceTree = "<group>"; };
		6A8463D9262E2BE1005C87BA /* PersonName.swift */ = {isa = PBXFileReference; lastKnownFileType = sourcecode.swift; path = PersonName.swift; sourceTree = "<group>"; };
/* End PBXFileReference section */

/* Begin PBXFrameworksBuildPhase section */
		6A8463B5262E26D2005C87BA /* Frameworks */ = {
			isa = PBXFrameworksBuildPhase;
			buildActionMask = 2147483647;
			files = (
			);
			runOnlyForDeploymentPostprocessing = 0;
		};
/* End PBXFrameworksBuildPhase section */

/* Begin PBXGroup section */
		6A8463AF262E26D2005C87BA = {
			isa = PBXGroup;
			children = (
				6A8463BA262E26D2005C87BA /* PersonsListApp */,
				6A8463B9262E26D2005C87BA /* Products */,
			);
			sourceTree = "<group>";
		};
		6A8463B9262E26D2005C87BA /* Products */ = {
			isa = PBXGroup;
			children = (
				6A8463B8262E26D2005C87BA /* PersonsListApp.app */,
			);
			name = Products;
			sourceTree = "<group>";
		};
		6A8463BA262E26D2005C87BA /* PersonsListApp */ = {
			isa = PBXGroup;
			children = (
				6A8463D3262E2739005C87BA /* Models */,
				6A8463D1262E2723005C87BA /* ViewControllers */,
				6A8463D0262E26F5005C87BA /* Storyboards */,
				6A8463BB262E26D2005C87BA /* AppDelegate.swift */,
				6A8463C4262E26D3005C87BA /* Assets.xcassets */,
				6A8463BD262E26D2005C87BA /* SceneDelegate.swift */,
				6A8463C9262E26D3005C87BA /* Info.plist */,
			);
			path = PersonsListApp;
			sourceTree = "<group>";
		};
		6A8463D0262E26F5005C87BA /* Storyboards */ = {
			isa = PBXGroup;
			children = (
				6A8463C1262E26D2005C87BA /* Main.storyboard */,
				6A8463C6262E26D3005C87BA /* LaunchScreen.storyboard */,
			);
			path = Storyboards;
			sourceTree = "<group>";
		};
		6A8463D1262E2723005C87BA /* ViewControllers */ = {
			isa = PBXGroup;
			children = (
				6A8463D6262E298C005C87BA /* PersonsTableViewController.swift */,
				6A74D6F92630501B00515A33 /* PhoneNumberEmailViewController.swift */,
				6A74D6FC26307A3000515A33 /* GeneraleInfoViewController.swift */,
			);
			path = ViewControllers;
			sourceTree = "<group>";
		};
		6A8463D3262E2739005C87BA /* Models */ = {
			isa = PBXGroup;
			children = (
				6A8463D9262E2BE1005C87BA /* PersonName.swift */,
			);
			path = Models;
			sourceTree = "<group>";
		};
/* End PBXGroup section */

/* Begin PBXNativeTarget section */
		6A8463B7262E26D2005C87BA /* PersonsListApp */ = {
			isa = PBXNativeTarget;
			buildConfigurationList = 6A8463CC262E26D3005C87BA /* Build configuration list for PBXNativeTarget "PersonsListApp" */;
			buildPhases = (
				6A8463B4262E26D2005C87BA /* Sources */,
				6A8463B5262E26D2005C87BA /* Frameworks */,
				6A8463B6262E26D2005C87BA /* Resources */,
			);
			buildRules = (
			);
			dependencies = (
			);
			name = PersonsListApp;
			productName = PersonsListApp;
			productReference = 6A8463B8262E26D2005C87BA /* PersonsListApp.app */;
			productType = "com.apple.product-type.application";
		};
/* End PBXNativeTarget section */

/* Begin PBXProject section */
		6A8463B0262E26D2005C87BA /* Project object */ = {
			isa = PBXProject;
			attributes = {
				LastSwiftUpdateCheck = 1240;
				LastUpgradeCheck = 1240;
				TargetAttributes = {
					6A8463B7262E26D2005C87BA = {
						CreatedOnToolsVersion = 12.4;
					};
				};
			};
			buildConfigurationList = 6A8463B3262E26D2005C87BA /* Build configuration list for PBXProject "PersonsListApp" */;
			compatibilityVersion = "Xcode 9.3";
			developmentRegion = en;
			hasScannedForEncodings = 0;
			knownRegions = (
				en,
				Base,
			);
			mainGroup = 6A8463AF262E26D2005C87BA;
			productRefGroup = 6A8463B9262E26D2005C87BA /* Products */;
			projectDirPath = "";
			projectRoot = "";
			targets = (
				6A8463B7262E26D2005C87BA /* PersonsListApp */,
			);
		};
/* End PBXProject section */

/* Begin PBXResourcesBuildPhase section */
		6A8463B6262E26D2005C87BA /* Resources */ = {
			isa = PBXResourcesBuildPhase;
			buildActionMask = 2147483647;
			files = (
				6A8463C8262E26D3005C87BA /* LaunchScreen.storyboard in Resources */,
				6A8463C5262E26D3005C87BA /* Assets.xcassets in Resources */,
				6A8463C3262E26D2005C87BA /* Main.storyboard in Resources */,
			);
			runOnlyForDeploymentPostprocessing = 0;
		};
/* End PBXResourcesBuildPhase section */

/* Begin PBXSourcesBuildPhase section */
		6A8463B4262E26D2005C87BA /* Sources */ = {
			isa = PBXSourcesBuildPhase;
			buildActionMask = 2147483647;
			files = (
				6A8463BC262E26D2005C87BA /* AppDelegate.swift in Sources */,
				6A8463BE262E26D2005C87BA /* SceneDelegate.swift in Sources */,
				6A8463D7262E298C005C87BA /* PersonsTableViewController.swift in Sources */,
				6A74D6FA2630501B00515A33 /* PhoneNumberEmailViewController.swift in Sources */,
				6A74D6FD26307A3000515A33 /* GeneraleInfoViewController.swift in Sources */,
				6A8463DA262E2BE1005C87BA /* PersonName.swift in Sources */,
			);
			runOnlyForDeploymentPostprocessing = 0;
		};
/* End PBXSourcesBuildPhase section */

/* Begin PBXVariantGroup section */
		6A8463C1262E26D2005C87BA /* Main.storyboard */ = {
			isa = PBXVariantGroup;
			children = (
				6A8463C2262E26D2005C87BA /* Base */,
			);
			name = Main.storyboard;
			sourceTree = "<group>";
		};
		6A8463C6262E26D3005C87BA /* LaunchScreen.storyboard */ = {
			isa = PBXVariantGroup;
			children = (
				6A8463C7262E26D3005C87BA /* Base */,
			);
			name = LaunchScreen.storyboard;
			sourceTree = "<group>";
		};
/* End PBXVariantGroup section */

/* Begin XCBuildConfiguration section */
		6A8463CA262E26D3005C87BA /* Debug */ = {
			isa = XCBuildConfiguration;
			buildSettings = {
				ALWAYS_SEARCH_USER_PATHS = NO;
				CLANG_ANALYZER_NONNULL = YES;
				CLANG_ANALYZER_NUMBER_OBJECT_CONVERSION = YES_AGGRESSIVE;
				CLANG_CXX_LANGUAGE_STANDARD = "gnu++14";
				CLANG_CXX_LIBRARY = "libc++";
				CLANG_ENABLE_MODULES = YES;
				CLANG_ENABLE_OBJC_ARC = YES;
				CLANG_ENABLE_OBJC_WEAK = YES;
				CLANG_WARN_BLOCK_CAPTURE_AUTORELEASING = YES;
				CLANG_WARN_BOOL_CONVERSION = YES;
				CLANG_WARN_COMMA = YES;
				CLANG_WARN_CONSTANT_CONVERSION = YES;
				CLANG_WARN_DEPRECATED_OBJC_IMPLEMENTATIONS = YES;
				CLANG_WARN_DIRECT_OBJC_ISA_USAGE = YES_ERROR;
				CLANG_WARN_DOCUMENTATION_COMMENTS = YES;
				CLANG_WARN_EMPTY_BODY = YES;
				CLANG_WARN_ENUM_CONVERSION = YES;
				CLANG_WARN_INFINITE_RECURSION = YES;
				CLANG_WARN_INT_CONVERSION = YES;
				CLANG_WARN_NON_LITERAL_NULL_CONVERSION = YES;
				CLANG_WARN_OBJC_IMPLICIT_RETAIN_SELF = YES;
				CLANG_WARN_OBJC_LITERAL_CONVERSION = YES;
				CLANG_WARN_OBJC_ROOT_CLASS = YES_ERROR;
				CLANG_WARN_QUOTED_INCLUDE_IN_FRAMEWORK_HEADER = YES;
				CLANG_WARN_RANGE_LOOP_ANALYSIS = YES;
				CLANG_WARN_STRICT_PROTOTYPES = YES;
				CLANG_WARN_SUSPICIOUS_MOVE = YES;
				CLANG_WARN_UNGUARDED_AVAILABILITY = YES_AGGRESSIVE;
				CLANG_WARN_UNREACHABLE_CODE = YES;
				CLANG_WARN__DUPLICATE_METHOD_MATCH = YES;
				COPY_PHASE_STRIP = NO;
				DEBUG_INFORMATION_FORMAT = dwarf;
				ENABLE_STRICT_OBJC_MSGSEND = YES;
				ENABLE_TESTABILITY = YES;
				GCC_C_LANGUAGE_STANDARD = gnu11;
				GCC_DYNAMIC_NO_PIC = NO;
				GCC_NO_COMMON_BLOCKS = YES;
				GCC_OPTIMIZATION_LEVEL = 0;
				GCC_PREPROCESSOR_DEFINITIONS = (
					"DEBUG=1",
					"$(inherited)",
				);
				GCC_WARN_64_TO_32_BIT_CONVERSION = YES;
				GCC_WARN_ABOUT_RETURN_TYPE = YES_ERROR;
				GCC_WARN_UNDECLARED_SELECTOR = YES;
				GCC_WARN_UNINITIALIZED_AUTOS = YES_AGGRESSIVE;
				GCC_WARN_UNUSED_FUNCTION = YES;
				GCC_WARN_UNUSED_VARIABLE = YES;
				IPHONEOS_DEPLOYMENT_TARGET = 14.4;
				MTL_ENABLE_DEBUG_INFO = INCLUDE_SOURCE;
				MTL_FAST_MATH = YES;
				ONLY_ACTIVE_ARCH = YES;
				SDKROOT = iphoneos;
				SWIFT_ACTIVE_COMPILATION_CONDITIONS = DEBUG;
				SWIFT_OPTIMIZATION_LEVEL = "-Onone";
			};
			name = Debug;
		};
		6A8463CB262E26D3005C87BA /* Release */ = {
			isa = XCBuildConfiguration;
			buildSettings = {
				ALWAYS_SEARCH_USER_PATHS = NO;
				CLANG_ANALYZER_NONNULL = YES;
				CLANG_ANALYZER_NUMBER_OBJECT_CONVERSION = YES_AGGRESSIVE;
				CLANG_CXX_LANGUAGE_STANDARD = "gnu++14";
				CLANG_CXX_LIBRARY = "libc++";
				CLANG_ENABLE_MODULES = YES;
				CLANG_ENABLE_OBJC_ARC = YES;
				CLANG_ENABLE_OBJC_WEAK = YES;
				CLANG_WARN_BLOCK_CAPTURE_AUTORELEASING = YES;
				CLANG_WARN_BOOL_CONVERSION = YES;
				CLANG_WARN_COMMA = YES;
				CLANG_WARN_CONSTANT_CONVERSION = YES;
				CLANG_WARN_DEPRECATED_OBJC_IMPLEMENTATIONS = YES;
				CLANG_WARN_DIRECT_OBJC_ISA_USAGE = YES_ERROR;
				CLANG_WARN_DOCUMENTATION_COMMENTS = YES;
				CLANG_WARN_EMPTY_BODY = YES;
				CLANG_WARN_ENUM_CONVERSION = YES;
				CLANG_WARN_INFINITE_RECURSION = YES;
				CLANG_WARN_INT_CONVERSION = YES;
				CLANG_WARN_NON_LITERAL_NULL_CONVERSION = YES;
				CLANG_WARN_OBJC_IMPLICIT_RETAIN_SELF = YES;
				CLANG_WARN_OBJC_LITERAL_CONVERSION = YES;
				CLANG_WARN_OBJC_ROOT_CLASS = YES_ERROR;
				CLANG_WARN_QUOTED_INCLUDE_IN_FRAMEWORK_HEADER = YES;
				CLANG_WARN_RANGE_LOOP_ANALYSIS = YES;
				CLANG_WARN_STRICT_PROTOTYPES = YES;
				CLANG_WARN_SUSPICIOUS_MOVE = YES;
				CLANG_WARN_UNGUARDED_AVAILABILITY = YES_AGGRESSIVE;
				CLANG_WARN_UNREACHABLE_CODE = YES;
				CLANG_WARN__DUPLICATE_METHOD_MATCH = YES;
				COPY_PHASE_STRIP = NO;
				DEBUG_INFORMATION_FORMAT = "dwarf-with-dsym";
				ENABLE_NS_ASSERTIONS = NO;
				ENABLE_STRICT_OBJC_MSGSEND = YES;
				GCC_C_LANGUAGE_STANDARD = gnu11;
				GCC_NO_COMMON_BLOCKS = YES;
				GCC_WARN_64_TO_32_BIT_CONVERSION = YES;
				GCC_WARN_ABOUT_RETURN_TYPE = YES_ERROR;
				GCC_WARN_UNDECLARED_SELECTOR = YES;
				GCC_WARN_UNINITIALIZED_AUTOS = YES_AGGRESSIVE;
				GCC_WARN_UNUSED_FUNCTION = YES;
				GCC_WARN_UNUSED_VARIABLE = YES;
				IPHONEOS_DEPLOYMENT_TARGET = 14.4;
				MTL_ENABLE_DEBUG_INFO = NO;
				MTL_FAST_MATH = YES;
				SDKROOT = iphoneos;
				SWIFT_COMPILATION_MODE = wholemodule;
				SWIFT_OPTIMIZATION_LEVEL = "-O";
				VALIDATE_PRODUCT = YES;
			};
			name = Release;
		};
		6A8463CD262E26D3005C87BA /* Debug */ = {
			isa = XCBuildConfiguration;
			buildSettings = {
				ASSETCATALOG_COMPILER_APPICON_NAME = AppIcon;
				ASSETCATALOG_COMPILER_GLOBAL_ACCENT_COLOR_NAME = AccentColor;
				CODE_SIGN_STYLE = Automatic;
				INFOPLIST_FILE = PersonsListApp/Info.plist;
				LD_RUNPATH_SEARCH_PATHS = (
					"$(inherited)",
					"@executable_path/Frameworks",
				);
				PRODUCT_BUNDLE_IDENTIFIER = Galatea.PersonsListApp;
				PRODUCT_NAME = "$(TARGET_NAME)";
				SWIFT_VERSION = 5.0;
				TARGETED_DEVICE_FAMILY = "1,2";
			};
			name = Debug;
		};
		6A8463CE262E26D3005C87BA /* Release */ = {
			isa = XCBuildConfiguration;
			buildSettings = {
				ASSETCATALOG_COMPILER_APPICON_NAME = AppIcon;
				ASSETCATALOG_COMPILER_GLOBAL_ACCENT_COLOR_NAME = AccentColor;
				CODE_SIGN_STYLE = Automatic;
				INFOPLIST_FILE = PersonsListApp/Info.plist;
				LD_RUNPATH_SEARCH_PATHS = (
					"$(inherited)",
					"@executable_path/Frameworks",
				);
				PRODUCT_BUNDLE_IDENTIFIER = Galatea.PersonsListApp;
				PRODUCT_NAME = "$(TARGET_NAME)";
				SWIFT_VERSION = 5.0;
				TARGETED_DEVICE_FAMILY = "1,2";
			};
			name = Release;
		};
/* End XCBuildConfiguration section */

/* Begin XCConfigurationList section */
		6A8463B3262E26D2005C87BA /* Build configuration list for PBXProject "PersonsListApp" */ = {
			isa = XCConfigurationList;
			buildConfigurations = (
				6A8463CA262E26D3005C87BA /* Debug */,
				6A8463CB262E26D3005C87BA /* Release */,
			);
			defaultConfigurationIsVisible = 0;
			defaultConfigurationName = Release;
		};
		6A8463CC262E26D3005C87BA /* Build configuration list for PBXNativeTarget "PersonsListApp" */ = {
			isa = XCConfigurationList;
			buildConfigurations = (
				6A8463CD262E26D3005C87BA /* Debug */,
				6A8463CE262E26D3005C87BA /* Release */,
			);
			defaultConfigurationIsVisible = 0;
			defaultConfigurationName = Release;
		};
/* End XCConfigurationList section */
	};
	rootObject = 6A8463B0262E26D2005C87BA /* Project object */;
}
